
Microsoft Visual Studio Solution File, Format Version 12.00
# Visual Studio Version 16
VisualStudioVersion = 16.0.29728.190
MinimumVisualStudioVersion = 10.0.40219.1
Project("{FAE04EC0-301F-11D3-BF4B-00C04F79EFBC}") = "HDMS.Model", "HDMS.Model\HDMS.Model.csproj", "{1D07DE66-7D98-46E9-91D1-8BF95A9FAF25}"
EndProject
Project("{FAE04EC0-301F-11D3-BF4B-00C04F79EFBC}") = "HDMS.Repository", "HDMS.Repository\HDMS.Repository.csproj", "{9C768209-FB4F-40C9-986D-90D8F3857A35}"
EndProject
Project("{FAE04EC0-301F-11D3-BF4B-00C04F79EFBC}") = "HDMS.Service", "HDMS.Service\HDMS.Service.csproj", "{39432D53-6E06-40C0-A3F1-E66AECD20F19}"
EndProject
Project("{FAE04EC0-301F-11D3-BF4B-00C04F79EFBC}") = "HERP", "HDMS.Windows.Forms.UI\HERP.csproj", "{03867DEB-ABC7-4D71-938C-1D175975C465}"
EndProject
Project("{FAE04EC0-301F-11D3-BF4B-00C04F79EFBC}") = "HDMS.Common.Utils", "HDMS.Common.Utils\HDMS.Common.Utils.csproj", "{6C8C5445-C524-4845-93BE-7E296F91E2F0}"
EndProject
Project("{F184B08F-C81C-45F6-A57F-5ABD9991F28F}") = "i00BindingList", "Components\i00BindingList\i00BindingList.vbproj", "{1A3066D9-B48C-4EC1-AC93-4B0BBE5AA812}"
EndProject
Project("{FAE04EC0-301F-11D3-BF4B-00C04F79EFBC}") = "WaitWnd", "WaitWnd\WaitWnd.csproj", "{A36149B7-3811-451B-9097-74A66D255A5B}"
EndProject
Project("{F184B08F-C81C-45F6-A57F-5ABD9991F28F}") = "i00SpellCheck", "i00SpellCheck\i00SpellCheck.vbproj", "{27D0D9B3-719C-46B7-9F03-3F91E82E7436}"
EndProject
Global
	GlobalSection(SolutionConfigurationPlatforms) = preSolution
		Debug|Any CPU = Debug|Any CPU
		Debug|x64 = Debug|x64
		Debug|x86 = Debug|x86
		Release|Any CPU = Release|Any CPU
		Release|x64 = Release|x64
		Release|x86 = Release|x86
	EndGlobalSection
	GlobalSection(ProjectConfigurationPlatforms) = postSolution
		{1D07DE66-7D98-46E9-91D1-8BF95A9FAF25}.Debug|Any CPU.ActiveCfg = Debug|Any CPU
		{1D07DE66-7D98-46E9-91D1-8BF95A9FAF25}.Debug|Any CPU.Build.0 = Debug|Any CPU
		{1D07DE66-7D98-46E9-91D1-8BF95A9FAF25}.Debug|x64.ActiveCfg = Debug|Any CPU
		{1D07DE66-7D98-46E9-91D1-8BF95A9FAF25}.Debug|x64.Build.0 = Debug|Any CPU
		{1D07DE66-7D98-46E9-91D1-8BF95A9FAF25}.Debug|x86.ActiveCfg = Debug|Any CPU
		{1D07DE66-7D98-46E9-91D1-8BF95A9FAF25}.Debug|x86.Build.0 = Debug|Any CPU
		{1D07DE66-7D98-46E9-91D1-8BF95A9FAF25}.Release|Any CPU.ActiveCfg = Release|Any CPU
		{1D07DE66-7D98-46E9-91D1-8BF95A9FAF25}.Release|Any CPU.Build.0 = Release|Any CPU
		{1D07DE66-7D98-46E9-91D1-8BF95A9FAF25}.Release|x64.ActiveCfg = Release|Any CPU
		{1D07DE66-7D98-46E9-91D1-8BF95A9FAF25}.Release|x64.Build.0 = Release|Any CPU
		{1D07DE66-7D98-46E9-91D1-8BF95A9FAF25}.Release|x86.ActiveCfg = Release|Any CPU
		{1D07DE66-7D98-46E9-91D1-8BF95A9FAF25}.Release|x86.Build.0 = Release|Any CPU
		{9C768209-FB4F-40C9-986D-90D8F3857A35}.Debug|Any CPU.ActiveCfg = Debug|Any CPU
		{9C768209-FB4F-40C9-986D-90D8F3857A35}.Debug|Any CPU.Build.0 = Debug|Any CPU
		{9C768209-FB4F-40C9-986D-90D8F3857A35}.Debug|x64.ActiveCfg = Debug|Any CPU
		{9C768209-FB4F-40C9-986D-90D8F3857A35}.Debug|x64.Build.0 = Debug|Any CPU
		{9C768209-FB4F-40C9-986D-90D8F3857A35}.Debug|x86.ActiveCfg = Debug|Any CPU
		{9C768209-FB4F-40C9-986D-90D8F3857A35}.Debug|x86.Build.0 = Debug|Any CPU
		{9C768209-FB4F-40C9-986D-90D8F3857A35}.Release|Any CPU.ActiveCfg = Release|Any CPU
		{9C768209-FB4F-40C9-986D-90D8F3857A35}.Release|Any CPU.Build.0 = Release|Any CPU
		{9C768209-FB4F-40C9-986D-90D8F3857A35}.Release|x64.ActiveCfg = Release|Any CPU
		{9C768209-FB4F-40C9-986D-90D8F3857A35}.Release|x64.Build.0 = Release|Any CPU
		{9C768209-FB4F-40C9-986D-90D8F3857A35}.Release|x86.ActiveCfg = Release|Any CPU
		{9C768209-FB4F-40C9-986D-90D8F3857A35}.Release|x86.Build.0 = Release|Any CPU
		{39432D53-6E06-40C0-A3F1-E66AECD20F19}.Debug|Any CPU.ActiveCfg = Debug|Any CPU
		{39432D53-6E06-40C0-A3F1-E66AECD20F19}.Debug|Any CPU.Build.0 = Debug|Any CPU
		{39432D53-6E06-40C0-A3F1-E66AECD20F19}.Debug|x64.ActiveCfg = Debug|Any CPU
		{39432D53-6E06-40C0-A3F1-E66AECD20F19}.Debug|x64.Build.0 = Debug|Any CPU
		{39432D53-6E06-40C0-A3F1-E66AECD20F19}.Debug|x86.ActiveCfg = Debug|Any CPU
		{39432D53-6E06-40C0-A3F1-E66AECD20F19}.Debug|x86.Build.0 = Debug|Any CPU
		{39432D53-6E06-40C0-A3F1-E66AECD20F19}.Release|Any CPU.ActiveCfg = Release|Any CPU
		{39432D53-6E06-40C0-A3F1-E66AECD20F19}.Release|Any CPU.Build.0 = Release|Any CPU
		{39432D53-6E06-40C0-A3F1-E66AECD20F19}.Release|x64.ActiveCfg = Release|Any CPU
		{39432D53-6E06-40C0-A3F1-E66AECD20F19}.Release|x64.Build.0 = Release|Any CPU
		{39432D53-6E06-40C0-A3F1-E66AECD20F19}.Release|x86.ActiveCfg = Release|Any CPU
		{39432D53-6E06-40C0-A3F1-E66AECD20F19}.Release|x86.Build.0 = Release|Any CPU
		{03867DEB-ABC7-4D71-938C-1D175975C465}.Debug|Any CPU.ActiveCfg = Debug|Any CPU
		{03867DEB-ABC7-4D71-938C-1D175975C465}.Debug|Any CPU.Build.0 = Debug|Any CPU
		{03867DEB-ABC7-4D71-938C-1D175975C465}.Debug|x64.ActiveCfg = Debug|Any CPU
		{03867DEB-ABC7-4D71-938C-1D175975C465}.Debug|x64.Build.0 = Debug|Any CPU
		{03867DEB-ABC7-4D71-938C-1D175975C465}.Debug|x86.ActiveCfg = Debug|Any CPU
		{03867DEB-ABC7-4D71-938C-1D175975C465}.Debug|x86.Build.0 = Debug|Any CPU
		{03867DEB-ABC7-4D71-938C-1D175975C465}.Release|Any CPU.ActiveCfg = Release|Any CPU
		{03867DEB-ABC7-4D71-938C-1D175975C465}.Release|Any CPU.Build.0 = Release|Any CPU
		{03867DEB-ABC7-4D71-938C-1D175975C465}.Release|x64.ActiveCfg = Release|Any CPU
		{03867DEB-ABC7-4D71-938C-1D175975C465}.Release|x64.Build.0 = Release|Any CPU
		{03867DEB-ABC7-4D71-938C-1D175975C465}.Release|x86.ActiveCfg = Release|Any CPU
		{03867DEB-ABC7-4D71-938C-1D175975C465}.Release|x86.Build.0 = Release|Any CPU
		{6C8C5445-C524-4845-93BE-7E296F91E2F0}.Debug|Any CPU.ActiveCfg = Debug|Any CPU
		{6C8C5445-C524-4845-93BE-7E296F91E2F0}.Debug|Any CPU.Build.0 = Debug|Any CPU
		{6C8C5445-C524-4845-93BE-7E296F91E2F0}.Debug|x64.ActiveCfg = Debug|Any CPU
		{6C8C5445-C524-4845-93BE-7E296F91E2F0}.Debug|x64.Build.0 = Debug|Any CPU
		{6C8C5445-C524-4845-93BE-7E296F91E2F0}.Debug|x86.ActiveCfg = Debug|Any CPU
		{6C8C5445-C524-4845-93BE-7E296F91E2F0}.Debug|x86.Build.0 = Debug|Any CPU
		{6C8C5445-C524-4845-93BE-7E296F91E2F0}.Release|Any CPU.ActiveCfg = Release|Any CPU
		{6C8C5445-C524-4845-93BE-7E296F91E2F0}.Release|Any CPU.Build.0 = Release|Any CPU
		{6C8C5445-C524-4845-93BE-7E296F91E2F0}.Release|x64.ActiveCfg = Release|Any CPU
		{6C8C5445-C524-4845-93BE-7E296F91E2F0}.Release|x64.Build.0 = Release|Any CPU
		{6C8C5445-C524-4845-93BE-7E296F91E2F0}.Release|x86.ActiveCfg = Release|Any CPU
		{6C8C5445-C524-4845-93BE-7E296F91E2F0}.Release|x86.Build.0 = Release|Any CPU
		{1A3066D9-B48C-4EC1-AC93-4B0BBE5AA812}.Debug|Any CPU.ActiveCfg = Debug|Any CPU
		{1A3066D9-B48C-4EC1-AC93-4B0BBE5AA812}.Debug|Any CPU.Build.0 = Debug|Any CPU
		{1A3066D9-B48C-4EC1-AC93-4B0BBE5AA812}.Debug|x64.ActiveCfg = Debug|Any CPU
		{1A3066D9-B48C-4EC1-AC93-4B0BBE5AA812}.Debug|x64.Build.0 = Debug|Any CPU
		{1A3066D9-B48C-4EC1-AC93-4B0BBE5AA812}.Debug|x86.ActiveCfg = Debug|Any CPU
		{1A3066D9-B48C-4EC1-AC93-4B0BBE5AA812}.Debug|x86.Build.0 = Debug|Any CPU
		{1A3066D9-B48C-4EC1-AC93-4B0BBE5AA812}.Release|Any CPU.ActiveCfg = Release|Any CPU
		{1A3066D9-B48C-4EC1-AC93-4B0BBE5AA812}.Release|Any CPU.Build.0 = Release|Any CPU
		{1A3066D9-B48C-4EC1-AC93-4B0BBE5AA812}.Release|x64.ActiveCfg = Release|Any CPU
		{1A3066D9-B48C-4EC1-AC93-4B0BBE5AA812}.Release|x64.Build.0 = Release|Any CPU
		{1A3066D9-B48C-4EC1-AC93-4B0BBE5AA812}.Release|x86.ActiveCfg = Release|Any CPU
		{1A3066D9-B48C-4EC1-AC93-4B0BBE5AA812}.Release|x86.Build.0 = Release|Any CPU
		{A36149B7-3811-451B-9097-74A66D255A5B}.Debug|Any CPU.ActiveCfg = Debug|Any CPU
		{A36149B7-3811-451B-9097-74A66D255A5B}.Debug|Any CPU.Build.0 = Debug|Any CPU
		{A36149B7-3811-451B-9097-74A66D255A5B}.Debug|x64.ActiveCfg = Debug|Any CPU
		{A36149B7-3811-451B-9097-74A66D255A5B}.Debug|x64.Build.0 = Debug|Any CPU
		{A36149B7-3811-451B-9097-74A66D255A5B}.Debug|x86.ActiveCfg = Debug|Any CPU
		{A36149B7-3811-451B-9097-74A66D255A5B}.Debug|x86.Build.0 = Debug|Any CPU
		{A36149B7-3811-451B-9097-74A66D255A5B}.Release|Any CPU.ActiveCfg = Release|Any CPU
		{A36149B7-3811-451B-9097-74A66D255A5B}.Release|Any CPU.Build.0 = Release|Any CPU
		{A36149B7-3811-451B-9097-74A66D255A5B}.Release|x64.ActiveCfg = Release|Any CPU
		{A36149B7-3811-451B-9097-74A66D255A5B}.Release|x64.Build.0 = Release|Any CPU
		{A36149B7-3811-451B-9097-74A66D255A5B}.Release|x86.ActiveCfg = Release|Any CPU
		{A36149B7-3811-451B-9097-74A66D255A5B}.Release|x86.Build.0 = Release|Any CPU
		{27D0D9B3-719C-46B7-9F03-3F91E82E7436}.Debug|Any CPU.ActiveCfg = Debug|Any CPU
		{27D0D9B3-719C-46B7-9F03-3F91E82E7436}.Debug|Any CPU.Build.0 = Debug|Any CPU
		{27D0D9B3-719C-46B7-9F03-3F91E82E7436}.Debug|x64.ActiveCfg = Debug|Any CPU
		{27D0D9B3-719C-46B7-9F03-3F91E82E7436}.Debug|x64.Build.0 = Debug|Any CPU
		{27D0D9B3-719C-46B7-9F03-3F91E82E7436}.Debug|x86.ActiveCfg = Debug|Any CPU
		{27D0D9B3-719C-46B7-9F03-3F91E82E7436}.Debug|x86.Build.0 = Debug|Any CPU
		{27D0D9B3-719C-46B7-9F03-3F91E82E7436}.Release|Any CPU.ActiveCfg = Release|Any CPU
		{27D0D9B3-719C-46B7-9F03-3F91E82E7436}.Release|Any CPU.Build.0 = Release|Any CPU
		{27D0D9B3-719C-46B7-9F03-3F91E82E7436}.Release|x64.ActiveCfg = Release|Any CPU
		{27D0D9B3-719C-46B7-9F03-3F91E82E7436}.Release|x64.Build.0 = Release|Any CPU
		{27D0D9B3-719C-46B7-9F03-3F91E82E7436}.Release|x86.ActiveCfg = Release|Any CPU
		{27D0D9B3-719C-46B7-9F03-3F91E82E7436}.Release|x86.Build.0 = Release|Any CPU
	EndGlobalSection
	GlobalSection(SolutionProperties) = preSolution
		HideSolutionNode = FALSE
	EndGlobalSection
	GlobalSection(ExtensibilityGlobals) = postSolution
		SolutionGuid = {3F61B190-A32C-4D06-9C9D-9FC36BF68EDB}
	EndGlobalSection
EndGlobal
